
Microsoft Visual Studio Solution File, Format Version 12.00
# Visual Studio Version 17
VisualStudioVersion = 17.9.34607.119
MinimumVisualStudioVersion = 10.0.40219.1
Project("{9A19103F-16F7-4668-BE54-9A1E7A4F7556}") = "Plugin1", "Plugin1\Plugin1.csproj", "{B5E43AE1-3607-4CD4-BD53-F85F0A1580EE}"
EndProject
Project("{9A19103F-16F7-4668-BE54-9A1E7A4F7556}") = "Plugin2", "Plugin2\Plugin2.csproj", "{906F5AA3-7677-43CF-A8D2-B279F4B5ECF5}"
EndProject
Global
	GlobalSection(SolutionConfigurationPlatforms) = preSolution
		Debug|Any CPU = Debug|Any CPU
		Release|Any CPU = Release|Any CPU
	EndGlobalSection
	GlobalSection(ProjectConfigurationPlatforms) = postSolution
		{B5E43AE1-3607-4CD4-BD53-F85F0A1580EE}.Debug|Any CPU.ActiveCfg = Debug|Any CPU
		{B5E43AE1-3607-4CD4-BD53-F85F0A1580EE}.Debug|Any CPU.Build.0 = Debug|Any CPU
		{B5E43AE1-3607-4CD4-BD53-F85F0A1580EE}.Release|Any CPU.ActiveCfg = Release|Any CPU
		{B5E43AE1-3607-4CD4-BD53-F85F0A1580EE}.Release|Any CPU.Build.0 = Release|Any CPU
		{906F5AA3-7677-43CF-A8D2-B279F4B5ECF5}.Debug|Any CPU.ActiveCfg = Debug|Any CPU
		{906F5AA3-7677-43CF-A8D2-B279F4B5ECF5}.Debug|Any CPU.Build.0 = Debug|Any CPU
		{906F5AA3-7677-43CF-A8D2-B279F4B5ECF5}.Release|Any CPU.ActiveCfg = Release|Any CPU
		{906F5AA3-7677-43CF-A8D2-B279F4B5ECF5}.Release|Any CPU.Build.0 = Release|Any CPU
	EndGlobalSection
	GlobalSection(SolutionProperties) = preSolution
		HideSolutionNode = FALSE
	EndGlobalSection
	GlobalSection(ExtensibilityGlobals) = postSolution
		SolutionGuid = {7C5E0976-0953-4131-A051-6D91289BF245}
	EndGlobalSection
EndGlobal
